
Microsoft Visual Studio Solution File, Format Version 12.00
# Visual Studio Version 16
VisualStudioVersion = 16.0.29503.13
MinimumVisualStudioVersion = 10.0.40219.1
Project("{FAE04EC0-301F-11D3-BF4B-00C04F79EFBC}") = "Prakt2", "Prakt2\Prakt2.csproj", "{2042B686-BDBD-4AFA-B37D-1AD728DBAB94}"
EndProject
Project("{FAE04EC0-301F-11D3-BF4B-00C04F79EFBC}") = "Prakt2_2", "Prakt2_2\Prakt2_2.csproj", "{8F22BAA8-B22F-4D99-A1F3-0F8024FF863D}"
EndProject
Global
	GlobalSection(SolutionConfigurationPlatforms) = preSolution
		Debug|Any CPU = Debug|Any CPU
		Release|Any CPU = Release|Any CPU
	EndGlobalSection
	GlobalSection(ProjectConfigurationPlatforms) = postSolution
		{2042B686-BDBD-4AFA-B37D-1AD728DBAB94}.Debug|Any CPU.ActiveCfg = Debug|Any CPU
		{2042B686-BDBD-4AFA-B37D-1AD728DBAB94}.Debug|Any CPU.Build.0 = Debug|Any CPU
		{2042B686-BDBD-4AFA-B37D-1AD728DBAB94}.Release|Any CPU.ActiveCfg = Release|Any CPU
		{2042B686-BDBD-4AFA-B37D-1AD728DBAB94}.Release|Any CPU.Build.0 = Release|Any CPU
		{8F22BAA8-B22F-4D99-A1F3-0F8024FF863D}.Debug|Any CPU.ActiveCfg = Debug|Any CPU
		{8F22BAA8-B22F-4D99-A1F3-0F8024FF863D}.Debug|Any CPU.Build.0 = Debug|Any CPU
		{8F22BAA8-B22F-4D99-A1F3-0F8024FF863D}.Release|Any CPU.ActiveCfg = Release|Any CPU
		{8F22BAA8-B22F-4D99-A1F3-0F8024FF863D}.Release|Any CPU.Build.0 = Release|Any CPU
	EndGlobalSection
	GlobalSection(SolutionProperties) = preSolution
		HideSolutionNode = FALSE
	EndGlobalSection
	GlobalSection(ExtensibilityGlobals) = postSolution
		SolutionGuid = {2A03DDAC-8D81-441D-BAB5-37D5036C359F}
	EndGlobalSection
EndGlobal
